
Microsoft Visual Studio Solution File, Format Version 12.00
# Visual Studio Version 17
VisualStudioVersion = 17.5.2.0
MinimumVisualStudioVersion = 10.0.40219.1
Project("{2150E333-8FDC-42A3-9474-1A3956D46DE8}") = "old-source", "old-source", "{EE8A8348-277A-1F43-D6BD-822AC401D14D}"
EndProject
Project("{FAE04EC0-301F-11D3-BF4B-00C04F79EFBC}") = "CheckList.Core", "old-source\CheckList.Core\CheckList.Core.csproj", "{678270D1-4BA8-B1C1-EFB3-328A65257AF6}"
EndProject
Project("{2150E333-8FDC-42A3-9474-1A3956D46DE8}") = "src", "src", "{827E0CD3-B72D-47B6-A68D-7590B98EB39B}"
EndProject
Project("{FAE04EC0-301F-11D3-BF4B-00C04F79EFBC}") = "CheckList.AppHost", "src\CheckList.AppHost\CheckList.AppHost.csproj", "{6354C638-7C18-4706-BD00-5558EDED05ED}"
EndProject
Project("{FAE04EC0-301F-11D3-BF4B-00C04F79EFBC}") = "CheckList.Api", "src\CheckList.Api\CheckList.Api.csproj", "{9C6CC741-6D8B-4746-A2BA-6E58277D3E64}"
EndProject
Project("{FAE04EC0-301F-11D3-BF4B-00C04F79EFBC}") = "CheckList.ServiceDefaults", "src\CheckList.ServiceDefaults\CheckList.ServiceDefaults.csproj", "{4D1A1CCA-5F63-409D-BBF7-E7F6EFC9F32E}"
EndProject
Project("{FAE04EC0-301F-11D3-BF4B-00C04F79EFBC}") = "CheckList.Shared", "src\CheckList.Shared\CheckList.Shared.csproj", "{78086D94-DE67-4B9F-A3F0-B5CA02886A5F}"
EndProject
Project("{FAE04EC0-301F-11D3-BF4B-00C04F79EFBC}") = "CheckList.Web", "src\CheckList.Web\CheckList.Web.csproj", "{38502F50-09FE-46EC-A0C4-51F6F46145DC}"
EndProject
Project("{FAE04EC0-301F-11D3-BF4B-00C04F79EFBC}") = "CheckList.Tests", "src\CheckList.Tests\CheckList.Tests.csproj", "{3BA89B1A-1987-47D8-9C7E-F6D92C49B7C8}"
EndProject
Global
	GlobalSection(SolutionConfigurationPlatforms) = preSolution
		Debug|Any CPU = Debug|Any CPU
		Debug|x64 = Debug|x64
		Debug|x86 = Debug|x86
		Release|Any CPU = Release|Any CPU
		Release|x64 = Release|x64
		Release|x86 = Release|x86
	EndGlobalSection
	GlobalSection(ProjectConfigurationPlatforms) = postSolution
		{678270D1-4BA8-B1C1-EFB3-328A65257AF6}.Debug|Any CPU.ActiveCfg = Debug|Any CPU
		{678270D1-4BA8-B1C1-EFB3-328A65257AF6}.Debug|Any CPU.Build.0 = Debug|Any CPU
		{678270D1-4BA8-B1C1-EFB3-328A65257AF6}.Debug|x64.ActiveCfg = Debug|Any CPU
		{678270D1-4BA8-B1C1-EFB3-328A65257AF6}.Debug|x64.Build.0 = Debug|Any CPU
		{678270D1-4BA8-B1C1-EFB3-328A65257AF6}.Debug|x86.ActiveCfg = Debug|Any CPU
		{678270D1-4BA8-B1C1-EFB3-328A65257AF6}.Debug|x86.Build.0 = Debug|Any CPU
		{678270D1-4BA8-B1C1-EFB3-328A65257AF6}.Release|Any CPU.ActiveCfg = Release|Any CPU
		{678270D1-4BA8-B1C1-EFB3-328A65257AF6}.Release|Any CPU.Build.0 = Release|Any CPU
		{678270D1-4BA8-B1C1-EFB3-328A65257AF6}.Release|x64.ActiveCfg = Release|Any CPU
		{678270D1-4BA8-B1C1-EFB3-328A65257AF6}.Release|x64.Build.0 = Release|Any CPU
		{678270D1-4BA8-B1C1-EFB3-328A65257AF6}.Release|x86.ActiveCfg = Release|Any CPU
		{678270D1-4BA8-B1C1-EFB3-328A65257AF6}.Release|x86.Build.0 = Release|Any CPU
		{6354C638-7C18-4706-BD00-5558EDED05ED}.Debug|Any CPU.ActiveCfg = Debug|Any CPU
		{6354C638-7C18-4706-BD00-5558EDED05ED}.Debug|Any CPU.Build.0 = Debug|Any CPU
		{6354C638-7C18-4706-BD00-5558EDED05ED}.Debug|x64.ActiveCfg = Debug|Any CPU
		{6354C638-7C18-4706-BD00-5558EDED05ED}.Debug|x64.Build.0 = Debug|Any CPU
		{6354C638-7C18-4706-BD00-5558EDED05ED}.Debug|x86.ActiveCfg = Debug|Any CPU
		{6354C638-7C18-4706-BD00-5558EDED05ED}.Debug|x86.Build.0 = Debug|Any CPU
		{6354C638-7C18-4706-BD00-5558EDED05ED}.Release|Any CPU.ActiveCfg = Release|Any CPU
		{6354C638-7C18-4706-BD00-5558EDED05ED}.Release|Any CPU.Build.0 = Release|Any CPU
		{6354C638-7C18-4706-BD00-5558EDED05ED}.Release|x64.ActiveCfg = Release|Any CPU
		{6354C638-7C18-4706-BD00-5558EDED05ED}.Release|x64.Build.0 = Release|Any CPU
		{6354C638-7C18-4706-BD00-5558EDED05ED}.Release|x86.ActiveCfg = Release|Any CPU
		{6354C638-7C18-4706-BD00-5558EDED05ED}.Release|x86.Build.0 = Release|Any CPU
		{9C6CC741-6D8B-4746-A2BA-6E58277D3E64}.Debug|Any CPU.ActiveCfg = Debug|Any CPU
		{9C6CC741-6D8B-4746-A2BA-6E58277D3E64}.Debug|Any CPU.Build.0 = Debug|Any CPU
		{9C6CC741-6D8B-4746-A2BA-6E58277D3E64}.Debug|x64.ActiveCfg = Debug|Any CPU
		{9C6CC741-6D8B-4746-A2BA-6E58277D3E64}.Debug|x64.Build.0 = Debug|Any CPU
		{9C6CC741-6D8B-4746-A2BA-6E58277D3E64}.Debug|x86.ActiveCfg = Debug|Any CPU
		{9C6CC741-6D8B-4746-A2BA-6E58277D3E64}.Debug|x86.Build.0 = Debug|Any CPU
		{9C6CC741-6D8B-4746-A2BA-6E58277D3E64}.Release|Any CPU.ActiveCfg = Release|Any CPU
		{9C6CC741-6D8B-4746-A2BA-6E58277D3E64}.Release|Any CPU.Build.0 = Release|Any CPU
		{9C6CC741-6D8B-4746-A2BA-6E58277D3E64}.Release|x64.ActiveCfg = Release|Any CPU
		{9C6CC741-6D8B-4746-A2BA-6E58277D3E64}.Release|x64.Build.0 = Release|Any CPU
		{9C6CC741-6D8B-4746-A2BA-6E58277D3E64}.Release|x86.ActiveCfg = Release|Any CPU
		{9C6CC741-6D8B-4746-A2BA-6E58277D3E64}.Release|x86.Build.0 = Release|Any CPU
		{4D1A1CCA-5F63-409D-BBF7-E7F6EFC9F32E}.Debug|Any CPU.ActiveCfg = Debug|Any CPU
		{4D1A1CCA-5F63-409D-BBF7-E7F6EFC9F32E}.Debug|Any CPU.Build.0 = Debug|Any CPU
		{4D1A1CCA-5F63-409D-BBF7-E7F6EFC9F32E}.Debug|x64.ActiveCfg = Debug|Any CPU
		{4D1A1CCA-5F63-409D-BBF7-E7F6EFC9F32E}.Debug|x64.Build.0 = Debug|Any CPU
		{4D1A1CCA-5F63-409D-BBF7-E7F6EFC9F32E}.Debug|x86.ActiveCfg = Debug|Any CPU
		{4D1A1CCA-5F63-409D-BBF7-E7F6EFC9F32E}.Debug|x86.Build.0 = Debug|Any CPU
		{4D1A1CCA-5F63-409D-BBF7-E7F6EFC9F32E}.Release|Any CPU.ActiveCfg = Release|Any CPU
		{4D1A1CCA-5F63-409D-BBF7-E7F6EFC9F32E}.Release|Any CPU.Build.0 = Release|Any CPU
		{4D1A1CCA-5F63-409D-BBF7-E7F6EFC9F32E}.Release|x64.ActiveCfg = Release|Any CPU
		{4D1A1CCA-5F63-409D-BBF7-E7F6EFC9F32E}.Release|x64.Build.0 = Release|Any CPU
		{4D1A1CCA-5F63-409D-BBF7-E7F6EFC9F32E}.Release|x86.ActiveCfg = Release|Any CPU
		{4D1A1CCA-5F63-409D-BBF7-E7F6EFC9F32E}.Release|x86.Build.0 = Release|Any CPU
		{78086D94-DE67-4B9F-A3F0-B5CA02886A5F}.Debug|Any CPU.ActiveCfg = Debug|Any CPU
		{78086D94-DE67-4B9F-A3F0-B5CA02886A5F}.Debug|Any CPU.Build.0 = Debug|Any CPU
		{78086D94-DE67-4B9F-A3F0-B5CA02886A5F}.Debug|x64.ActiveCfg = Debug|Any CPU
		{78086D94-DE67-4B9F-A3F0-B5CA02886A5F}.Debug|x64.Build.0 = Debug|Any CPU
		{78086D94-DE67-4B9F-A3F0-B5CA02886A5F}.Debug|x86.ActiveCfg = Debug|Any CPU
		{78086D94-DE67-4B9F-A3F0-B5CA02886A5F}.Debug|x86.Build.0 = Debug|Any CPU
		{78086D94-DE67-4B9F-A3F0-B5CA02886A5F}.Release|Any CPU.ActiveCfg = Release|Any CPU
		{78086D94-DE67-4B9F-A3F0-B5CA02886A5F}.Release|Any CPU.Build.0 = Release|Any CPU
		{78086D94-DE67-4B9F-A3F0-B5CA02886A5F}.Release|x64.ActiveCfg = Release|Any CPU
		{78086D94-DE67-4B9F-A3F0-B5CA02886A5F}.Release|x64.Build.0 = Release|Any CPU
		{78086D94-DE67-4B9F-A3F0-B5CA02886A5F}.Release|x86.ActiveCfg = Release|Any CPU
		{78086D94-DE67-4B9F-A3F0-B5CA02886A5F}.Release|x86.Build.0 = Release|Any CPU
		{38502F50-09FE-46EC-A0C4-51F6F46145DC}.Debug|Any CPU.ActiveCfg = Debug|Any CPU
		{38502F50-09FE-46EC-A0C4-51F6F46145DC}.Debug|Any CPU.Build.0 = Debug|Any CPU
		{38502F50-09FE-46EC-A0C4-51F6F46145DC}.Debug|x64.ActiveCfg = Debug|Any CPU
		{38502F50-09FE-46EC-A0C4-51F6F46145DC}.Debug|x64.Build.0 = Debug|Any CPU
		{38502F50-09FE-46EC-A0C4-51F6F46145DC}.Debug|x86.ActiveCfg = Debug|Any CPU
		{38502F50-09FE-46EC-A0C4-51F6F46145DC}.Debug|x86.Build.0 = Debug|Any CPU
		{38502F50-09FE-46EC-A0C4-51F6F46145DC}.Release|Any CPU.ActiveCfg = Release|Any CPU
		{38502F50-09FE-46EC-A0C4-51F6F46145DC}.Release|Any CPU.Build.0 = Release|Any CPU
		{38502F50-09FE-46EC-A0C4-51F6F46145DC}.Release|x64.ActiveCfg = Release|Any CPU
		{38502F50-09FE-46EC-A0C4-51F6F46145DC}.Release|x64.Build.0 = Release|Any CPU
		{38502F50-09FE-46EC-A0C4-51F6F46145DC}.Release|x86.ActiveCfg = Release|Any CPU
		{38502F50-09FE-46EC-A0C4-51F6F46145DC}.Release|x86.Build.0 = Release|Any CPU
		{3BA89B1A-1987-47D8-9C7E-F6D92C49B7C8}.Debug|Any CPU.ActiveCfg = Debug|Any CPU
		{3BA89B1A-1987-47D8-9C7E-F6D92C49B7C8}.Debug|Any CPU.Build.0 = Debug|Any CPU
		{3BA89B1A-1987-47D8-9C7E-F6D92C49B7C8}.Debug|x64.ActiveCfg = Debug|Any CPU
		{3BA89B1A-1987-47D8-9C7E-F6D92C49B7C8}.Debug|x64.Build.0 = Debug|Any CPU
		{3BA89B1A-1987-47D8-9C7E-F6D92C49B7C8}.Debug|x86.ActiveCfg = Debug|Any CPU
		{3BA89B1A-1987-47D8-9C7E-F6D92C49B7C8}.Debug|x86.Build.0 = Debug|Any CPU
		{3BA89B1A-1987-47D8-9C7E-F6D92C49B7C8}.Release|Any CPU.ActiveCfg = Release|Any CPU
		{3BA89B1A-1987-47D8-9C7E-F6D92C49B7C8}.Release|Any CPU.Build.0 = Release|Any CPU
		{3BA89B1A-1987-47D8-9C7E-F6D92C49B7C8}.Release|x64.ActiveCfg = Release|Any CPU
		{3BA89B1A-1987-47D8-9C7E-F6D92C49B7C8}.Release|x64.Build.0 = Release|Any CPU
		{3BA89B1A-1987-47D8-9C7E-F6D92C49B7C8}.Release|x86.ActiveCfg = Release|Any CPU
		{3BA89B1A-1987-47D8-9C7E-F6D92C49B7C8}.Release|x86.Build.0 = Release|Any CPU
	EndGlobalSection
	GlobalSection(SolutionProperties) = preSolution
		HideSolutionNode = FALSE
	EndGlobalSection
	GlobalSection(NestedProjects) = preSolution
		{678270D1-4BA8-B1C1-EFB3-328A65257AF6} = {EE8A8348-277A-1F43-D6BD-822AC401D14D}
		{6354C638-7C18-4706-BD00-5558EDED05ED} = {827E0CD3-B72D-47B6-A68D-7590B98EB39B}
		{9C6CC741-6D8B-4746-A2BA-6E58277D3E64} = {827E0CD3-B72D-47B6-A68D-7590B98EB39B}
		{4D1A1CCA-5F63-409D-BBF7-E7F6EFC9F32E} = {827E0CD3-B72D-47B6-A68D-7590B98EB39B}
		{78086D94-DE67-4B9F-A3F0-B5CA02886A5F} = {827E0CD3-B72D-47B6-A68D-7590B98EB39B}
		{38502F50-09FE-46EC-A0C4-51F6F46145DC} = {827E0CD3-B72D-47B6-A68D-7590B98EB39B}
		{3BA89B1A-1987-47D8-9C7E-F6D92C49B7C8} = {827E0CD3-B72D-47B6-A68D-7590B98EB39B}
	EndGlobalSection
	GlobalSection(ExtensibilityGlobals) = postSolution
		SolutionGuid = {C1F83B74-B591-4614-B3FD-7D1D2B8BD0E1}
	EndGlobalSection
EndGlobal
